
Microsoft Visual Studio Solution File, Format Version 12.00
# Visual Studio 15
VisualStudioVersion = 15.0.28307.572
MinimumVisualStudioVersion = 10.0.40219.1
Project("{FAE04EC0-301F-11D3-BF4B-00C04F79EFBC}") = "OnlineShop", "OnlineShop\OnlineShop.csproj", "{A0FD12D2-51AE-4118-BAFF-CE2E5AE948BC}"
EndProject
Global
	GlobalSection(SolutionConfigurationPlatforms) = preSolution
		Debug|Any CPU = Debug|Any CPU
		Release|Any CPU = Release|Any CPU
	EndGlobalSection
	GlobalSection(ProjectConfigurationPlatforms) = postSolution
		{A0FD12D2-51AE-4118-BAFF-CE2E5AE948BC}.Debug|Any CPU.ActiveCfg = Debug|Any CPU
		{A0FD12D2-51AE-4118-BAFF-CE2E5AE948BC}.Debug|Any CPU.Build.0 = Debug|Any CPU
		{A0FD12D2-51AE-4118-BAFF-CE2E5AE948BC}.Release|Any CPU.ActiveCfg = Release|Any CPU
		{A0FD12D2-51AE-4118-BAFF-CE2E5AE948BC}.Release|Any CPU.Build.0 = Release|Any CPU
	EndGlobalSection
	GlobalSection(SolutionProperties) = preSolution
		HideSolutionNode = FALSE
	EndGlobalSection
	GlobalSection(ExtensibilityGlobals) = postSolution
		SolutionGuid = {D784F886-A1CD-40A3-9DD8-E598248885D5}
	EndGlobalSection
EndGlobal
